
Microsoft Visual Studio Solution File, Format Version 12.00
# Visual Studio 14
VisualStudioVersion = 14.0.25420.1
MinimumVisualStudioVersion = 10.0.40219.1
Project("{2150E333-8FDC-42A3-9474-1A3956D46DE8}") = "Web", "Web", "{325A894F-AA2C-46CC-BDB2-7F060DEFED1F}"
EndProject
Project("{2150E333-8FDC-42A3-9474-1A3956D46DE8}") = "Common", "Common", "{CDC345DF-8115-41BC-BA34-7EA5D9CD149B}"
EndProject
Project("{FAE04EC0-301F-11D3-BF4B-00C04F79EFBC}") = "Test.Model", "Test.Model\Test.Model.csproj", "{F84AF64F-8899-4EF9-B83E-7A6771A4A9EF}"
EndProject
Project("{2150E333-8FDC-42A3-9474-1A3956D46DE8}") = "DataAccessLayer", "DataAccessLayer", "{3DFF1463-DAFD-4EFA-B4A2-A9D409BC3523}"
EndProject
Project("{FAE04EC0-301F-11D3-BF4B-00C04F79EFBC}") = "Test.ORM", "Test.ORM\Test.ORM.csproj", "{10DB1AA3-C577-42BD-BD13-973F4578295F}"
EndProject
Project("{FAE04EC0-301F-11D3-BF4B-00C04F79EFBC}") = "Test.Repositories", "Test.Repositories\Test.Repositories.csproj", "{FCE4C7F6-0743-41B4-96A9-AA980DEAC63A}"
EndProject
Project("{2150E333-8FDC-42A3-9474-1A3956D46DE8}") = "BusinessLayer", "BusinessLayer", "{D1E8FCD9-9EE5-4FB0-97F4-CC9131808726}"
EndProject
Project("{FAE04EC0-301F-11D3-BF4B-00C04F79EFBC}") = "Test.BusinessLayer", "Test.BusinessLayer\Test.BusinessLayer.csproj", "{568E0C4C-F91F-4348-B3B1-CB527D6E282B}"
EndProject
Project("{2150E333-8FDC-42A3-9474-1A3956D46DE8}") = "TestCases", "TestCases", "{C3A0206A-8B27-422E-948F-2C30B017F551}"
EndProject
Project("{FAE04EC0-301F-11D3-BF4B-00C04F79EFBC}") = "BusinessLayerTestCases", "BusinessLayerTestCases\BusinessLayerTestCases.csproj", "{CD0005C5-1254-4E58-B6B0-A52FC78DAE17}"
EndProject
Project("{FAE04EC0-301F-11D3-BF4B-00C04F79EFBC}") = "TestApi", "TestApi\TestApi.csproj", "{5AE6BB1A-21D4-4C24-88C0-42FB644D8C74}"
EndProject
Project("{FAE04EC0-301F-11D3-BF4B-00C04F79EFBC}") = "Test.Common", "Test.Common\Test.Common.csproj", "{3FD3A35E-9D95-4B71-8607-90BD572259B3}"
EndProject
Global
	GlobalSection(SolutionConfigurationPlatforms) = preSolution
		Debug|Any CPU = Debug|Any CPU
		Release|Any CPU = Release|Any CPU
	EndGlobalSection
	GlobalSection(ProjectConfigurationPlatforms) = postSolution
		{F84AF64F-8899-4EF9-B83E-7A6771A4A9EF}.Debug|Any CPU.ActiveCfg = Debug|Any CPU
		{F84AF64F-8899-4EF9-B83E-7A6771A4A9EF}.Debug|Any CPU.Build.0 = Debug|Any CPU
		{F84AF64F-8899-4EF9-B83E-7A6771A4A9EF}.Release|Any CPU.ActiveCfg = Release|Any CPU
		{F84AF64F-8899-4EF9-B83E-7A6771A4A9EF}.Release|Any CPU.Build.0 = Release|Any CPU
		{10DB1AA3-C577-42BD-BD13-973F4578295F}.Debug|Any CPU.ActiveCfg = Debug|Any CPU
		{10DB1AA3-C577-42BD-BD13-973F4578295F}.Debug|Any CPU.Build.0 = Debug|Any CPU
		{10DB1AA3-C577-42BD-BD13-973F4578295F}.Release|Any CPU.ActiveCfg = Release|Any CPU
		{10DB1AA3-C577-42BD-BD13-973F4578295F}.Release|Any CPU.Build.0 = Release|Any CPU
		{FCE4C7F6-0743-41B4-96A9-AA980DEAC63A}.Debug|Any CPU.ActiveCfg = Debug|Any CPU
		{FCE4C7F6-0743-41B4-96A9-AA980DEAC63A}.Debug|Any CPU.Build.0 = Debug|Any CPU
		{FCE4C7F6-0743-41B4-96A9-AA980DEAC63A}.Release|Any CPU.ActiveCfg = Release|Any CPU
		{FCE4C7F6-0743-41B4-96A9-AA980DEAC63A}.Release|Any CPU.Build.0 = Release|Any CPU
		{568E0C4C-F91F-4348-B3B1-CB527D6E282B}.Debug|Any CPU.ActiveCfg = Debug|Any CPU
		{568E0C4C-F91F-4348-B3B1-CB527D6E282B}.Debug|Any CPU.Build.0 = Debug|Any CPU
		{568E0C4C-F91F-4348-B3B1-CB527D6E282B}.Release|Any CPU.ActiveCfg = Release|Any CPU
		{568E0C4C-F91F-4348-B3B1-CB527D6E282B}.Release|Any CPU.Build.0 = Release|Any CPU
		{CD0005C5-1254-4E58-B6B0-A52FC78DAE17}.Debug|Any CPU.ActiveCfg = Debug|Any CPU
		{CD0005C5-1254-4E58-B6B0-A52FC78DAE17}.Debug|Any CPU.Build.0 = Debug|Any CPU
		{CD0005C5-1254-4E58-B6B0-A52FC78DAE17}.Release|Any CPU.ActiveCfg = Release|Any CPU
		{CD0005C5-1254-4E58-B6B0-A52FC78DAE17}.Release|Any CPU.Build.0 = Release|Any CPU
		{5AE6BB1A-21D4-4C24-88C0-42FB644D8C74}.Debug|Any CPU.ActiveCfg = Debug|Any CPU
		{5AE6BB1A-21D4-4C24-88C0-42FB644D8C74}.Debug|Any CPU.Build.0 = Debug|Any CPU
		{5AE6BB1A-21D4-4C24-88C0-42FB644D8C74}.Release|Any CPU.ActiveCfg = Release|Any CPU
		{5AE6BB1A-21D4-4C24-88C0-42FB644D8C74}.Release|Any CPU.Build.0 = Release|Any CPU
		{3FD3A35E-9D95-4B71-8607-90BD572259B3}.Debug|Any CPU.ActiveCfg = Debug|Any CPU
		{3FD3A35E-9D95-4B71-8607-90BD572259B3}.Debug|Any CPU.Build.0 = Debug|Any CPU
		{3FD3A35E-9D95-4B71-8607-90BD572259B3}.Release|Any CPU.ActiveCfg = Release|Any CPU
		{3FD3A35E-9D95-4B71-8607-90BD572259B3}.Release|Any CPU.Build.0 = Release|Any CPU
	EndGlobalSection
	GlobalSection(SolutionProperties) = preSolution
		HideSolutionNode = FALSE
	EndGlobalSection
	GlobalSection(NestedProjects) = preSolution
		{F84AF64F-8899-4EF9-B83E-7A6771A4A9EF} = {CDC345DF-8115-41BC-BA34-7EA5D9CD149B}
		{10DB1AA3-C577-42BD-BD13-973F4578295F} = {3DFF1463-DAFD-4EFA-B4A2-A9D409BC3523}
		{FCE4C7F6-0743-41B4-96A9-AA980DEAC63A} = {3DFF1463-DAFD-4EFA-B4A2-A9D409BC3523}
		{568E0C4C-F91F-4348-B3B1-CB527D6E282B} = {D1E8FCD9-9EE5-4FB0-97F4-CC9131808726}
		{CD0005C5-1254-4E58-B6B0-A52FC78DAE17} = {C3A0206A-8B27-422E-948F-2C30B017F551}
		{5AE6BB1A-21D4-4C24-88C0-42FB644D8C74} = {325A894F-AA2C-46CC-BDB2-7F060DEFED1F}
		{3FD3A35E-9D95-4B71-8607-90BD572259B3} = {CDC345DF-8115-41BC-BA34-7EA5D9CD149B}
	EndGlobalSection
EndGlobal
